PODS:
  - FlutterMacOS (1.0.0)
  - goox_terminal (0.0.1):
    - FlutterMacOS

DEPENDENCIES:
  - FlutterMacOS (from `Flutter/ephemeral`)
  - goox_terminal (from `Flutter/ephemeral/.symlinks/plugins/goox_terminal/macos`)

EXTERNAL SOURCES:
  FlutterMacOS:
    :path: Flutter/ephemeral
  goox_terminal:
    :path: Flutter/ephemeral/.symlinks/plugins/goox_terminal/macos

SPEC CHECKSUMS:
  FlutterMacOS: d0db08ddef1a9af05a5ec4b724367152bb0500b1
  goox_terminal: 6b5446f9bb4c001fa61760bfef56c2b933d022d8

PODFILE CHECKSUM: 54d867c82ac51cbd61b565781b9fada492027009

COCOAPODS: 1.16.2
